
Microsoft Visual Studio Solution File, Format Version 12.00
# Visual Studio Version 16
VisualStudioVersion = 16.0.30011.22
MinimumVisualStudioVersion = 10.0.40219.1
Project("{FAE04EC0-301F-11D3-BF4B-00C04F79EFBC}") = "ReceiveSmsAspNetCoreMvc", "ReceiveSmsAspNetCoreMvc\ReceiveSmsAspNetCoreMvc.csproj", "{BF2054B6-45CB-40B3-B81B-A5FDB6653E48}"
EndProject
Global
	GlobalSection(SolutionConfigurationPlatforms) = preSolution
		Debug|Any CPU = Debug|Any CPU
		Release|Any CPU = Release|Any CPU
	EndGlobalSection
	GlobalSection(ProjectConfigurationPlatforms) = postSolution
		{BF2054B6-45CB-40B3-B81B-A5FDB6653E48}.Debug|Any CPU.ActiveCfg = Debug|Any CPU
		{BF2054B6-45CB-40B3-B81B-A5FDB6653E48}.Debug|Any CPU.Build.0 = Debug|Any CPU
		{BF2054B6-45CB-40B3-B81B-A5FDB6653E48}.Release|Any CPU.ActiveCfg = Release|Any CPU
		{BF2054B6-45CB-40B3-B81B-A5FDB6653E48}.Release|Any CPU.Build.0 = Release|Any CPU
	EndGlobalSection
	GlobalSection(SolutionProperties) = preSolution
		HideSolutionNode = FALSE
	EndGlobalSection
	GlobalSection(ExtensibilityGlobals) = postSolution
		SolutionGuid = {A9B89379-EF2D-4BA8-A4F7-C6CD9A8F2801}
	EndGlobalSection
EndGlobal
